
Microsoft Visual Studio Solution File, Format Version 12.00
# Visual Studio Version 16
VisualStudioVersion = 16.0.30413.136
MinimumVisualStudioVersion = 10.0.40219.1
Project("{9A19103F-16F7-4668-BE54-9A1E7A4F7556}") = "File2GDrive", "SqlBackupToGoogleDrive\File2GDrive.csproj", "{4D426C95-06CF-4258-B66F-2C7278F5A799}"
EndProject
Project("{9A19103F-16F7-4668-BE54-9A1E7A4F7556}") = "Sql2GDrive", "Sql2GDrive\Sql2GDrive.csproj", "{DA2AD01C-FA62-4CA6-BAC4-4575CB134236}"
EndProject
Global
	GlobalSection(SolutionConfigurationPlatforms) = preSolution
		Debug|Any CPU = Debug|Any CPU
		Release|Any CPU = Release|Any CPU
	EndGlobalSection
	GlobalSection(ProjectConfigurationPlatforms) = postSolution
		{4D426C95-06CF-4258-B66F-2C7278F5A799}.Debug|Any CPU.ActiveCfg = Debug|Any CPU
		{4D426C95-06CF-4258-B66F-2C7278F5A799}.Debug|Any CPU.Build.0 = Debug|Any CPU
		{4D426C95-06CF-4258-B66F-2C7278F5A799}.Release|Any CPU.ActiveCfg = Release|Any CPU
		{4D426C95-06CF-4258-B66F-2C7278F5A799}.Release|Any CPU.Build.0 = Release|Any CPU
		{DA2AD01C-FA62-4CA6-BAC4-4575CB134236}.Debug|Any CPU.ActiveCfg = Debug|Any CPU
		{DA2AD01C-FA62-4CA6-BAC4-4575CB134236}.Debug|Any CPU.Build.0 = Debug|Any CPU
		{DA2AD01C-FA62-4CA6-BAC4-4575CB134236}.Release|Any CPU.ActiveCfg = Release|Any CPU
		{DA2AD01C-FA62-4CA6-BAC4-4575CB134236}.Release|Any CPU.Build.0 = Release|Any CPU
	EndGlobalSection
	GlobalSection(SolutionProperties) = preSolution
		HideSolutionNode = FALSE
	EndGlobalSection
	GlobalSection(ExtensibilityGlobals) = postSolution
		SolutionGuid = {B55692A3-50CF-4E05-AFA9-C9FA78002E44}
	EndGlobalSection
EndGlobal
